
Microsoft Visual Studio Solution File, Format Version 12.00
# Visual Studio Version 17
VisualStudioVersion = 17.0.31903.59
MinimumVisualStudioVersion = 10.0.40219.1
Project("{2150E333-8FDC-42A3-9474-1A3956D46DE8}") = "src", "src", "{827E0CD3-B72D-47B6-A68D-7590B98EB39B}"
EndProject
Project("{FAE04EC0-301F-11D3-BF4B-00C04F79EFBC}") = "MFO.LocalizationService.API", "src\MFO.LocalizationService.API\MFO.LocalizationService.API.csproj", "{72713272-98C6-4675-A569-E5FB98322B2B}"
EndProject
Project("{FAE04EC0-301F-11D3-BF4B-00C04F79EFBC}") = "MFO.LocalizationService.Domain", "src\MFO.LocalizationService.Domain\MFO.LocalizationService.Domain.csproj", "{4C6172E0-6A67-4DC3-A5B0-78B1FEE312CA}"
EndProject
Project("{2150E333-8FDC-42A3-9474-1A3956D46DE8}") = "tests", "tests", "{0AB3BF05-4346-4AA6-1389-037BE0695223}"
EndProject
Project("{FAE04EC0-301F-11D3-BF4B-00C04F79EFBC}") = "MFO.LocalizationService.IntegrationTests", "tests\MFO.LocalizationService.IntegrationTests\MFO.LocalizationService.IntegrationTests.csproj", "{E28DFF16-EC46-4A68-BE3F-D58BCB77B1BA}"
EndProject
Project("{FAE04EC0-301F-11D3-BF4B-00C04F79EFBC}") = "MFO.LocalizationService.UnitTests", "tests\MFO.LocalizationService.UnitTests\MFO.LocalizationService.UnitTests.csproj", "{E3F4233D-EFF4-4968-8DB9-84FA6CF66E0B}"
EndProject
Project("{2150E333-8FDC-42A3-9474-1A3956D46DE8}") = "Solution Items", "Solution Items", "{8EC462FD-D22E-90A8-E5CE-7E832BA40C5D}"
	ProjectSection(SolutionItems) = preProject
		.gitattributes = .gitattributes
		.gitignore = .gitignore
		README.md = README.md
	EndProjectSection
EndProject
Project("{FAE04EC0-301F-11D3-BF4B-00C04F79EFBC}") = "MFO.LocalizationService.Infrastructure", "src\MFO.LocalizationService.Infrastructure\MFO.LocalizationService.Infrastructure.csproj", "{217A3FA7-2C7A-197E-8D7D-A6183BBA9ED9}"
EndProject
Project("{FAE04EC0-301F-11D3-BF4B-00C04F79EFBC}") = "MFO.LocalizationService.Application", "src\MFO.LocalizationService.Application\MFO.LocalizationService.Application.csproj", "{361EB8EA-EC3C-D24F-1E92-D24CEDFF27B3}"
EndProject
Global
	GlobalSection(SolutionConfigurationPlatforms) = preSolution
		Debug|Any CPU = Debug|Any CPU
		Debug|x64 = Debug|x64
		Debug|x86 = Debug|x86
		Release|Any CPU = Release|Any CPU
		Release|x64 = Release|x64
		Release|x86 = Release|x86
	EndGlobalSection
	GlobalSection(ProjectConfigurationPlatforms) = postSolution
		{72713272-98C6-4675-A569-E5FB98322B2B}.Debug|Any CPU.ActiveCfg = Debug|Any CPU
		{72713272-98C6-4675-A569-E5FB98322B2B}.Debug|Any CPU.Build.0 = Debug|Any CPU
		{72713272-98C6-4675-A569-E5FB98322B2B}.Debug|x64.ActiveCfg = Debug|Any CPU
		{72713272-98C6-4675-A569-E5FB98322B2B}.Debug|x64.Build.0 = Debug|Any CPU
		{72713272-98C6-4675-A569-E5FB98322B2B}.Debug|x86.ActiveCfg = Debug|Any CPU
		{72713272-98C6-4675-A569-E5FB98322B2B}.Debug|x86.Build.0 = Debug|Any CPU
		{72713272-98C6-4675-A569-E5FB98322B2B}.Release|Any CPU.ActiveCfg = Release|Any CPU
		{72713272-98C6-4675-A569-E5FB98322B2B}.Release|Any CPU.Build.0 = Release|Any CPU
		{72713272-98C6-4675-A569-E5FB98322B2B}.Release|x64.ActiveCfg = Release|Any CPU
		{72713272-98C6-4675-A569-E5FB98322B2B}.Release|x64.Build.0 = Release|Any CPU
		{72713272-98C6-4675-A569-E5FB98322B2B}.Release|x86.ActiveCfg = Release|Any CPU
		{72713272-98C6-4675-A569-E5FB98322B2B}.Release|x86.Build.0 = Release|Any CPU
		{4C6172E0-6A67-4DC3-A5B0-78B1FEE312CA}.Debug|Any CPU.ActiveCfg = Debug|Any CPU
		{4C6172E0-6A67-4DC3-A5B0-78B1FEE312CA}.Debug|Any CPU.Build.0 = Debug|Any CPU
		{4C6172E0-6A67-4DC3-A5B0-78B1FEE312CA}.Debug|x64.ActiveCfg = Debug|Any CPU
		{4C6172E0-6A67-4DC3-A5B0-78B1FEE312CA}.Debug|x64.Build.0 = Debug|Any CPU
		{4C6172E0-6A67-4DC3-A5B0-78B1FEE312CA}.Debug|x86.ActiveCfg = Debug|Any CPU
		{4C6172E0-6A67-4DC3-A5B0-78B1FEE312CA}.Debug|x86.Build.0 = Debug|Any CPU
		{4C6172E0-6A67-4DC3-A5B0-78B1FEE312CA}.Release|Any CPU.ActiveCfg = Release|Any CPU
		{4C6172E0-6A67-4DC3-A5B0-78B1FEE312CA}.Release|Any CPU.Build.0 = Release|Any CPU
		{4C6172E0-6A67-4DC3-A5B0-78B1FEE312CA}.Release|x64.ActiveCfg = Release|Any CPU
		{4C6172E0-6A67-4DC3-A5B0-78B1FEE312CA}.Release|x64.Build.0 = Release|Any CPU
		{4C6172E0-6A67-4DC3-A5B0-78B1FEE312CA}.Release|x86.ActiveCfg = Release|Any CPU
		{4C6172E0-6A67-4DC3-A5B0-78B1FEE312CA}.Release|x86.Build.0 = Release|Any CPU
		{E28DFF16-EC46-4A68-BE3F-D58BCB77B1BA}.Debug|Any CPU.ActiveCfg = Debug|Any CPU
		{E28DFF16-EC46-4A68-BE3F-D58BCB77B1BA}.Debug|Any CPU.Build.0 = Debug|Any CPU
		{E28DFF16-EC46-4A68-BE3F-D58BCB77B1BA}.Debug|x64.ActiveCfg = Debug|Any CPU
		{E28DFF16-EC46-4A68-BE3F-D58BCB77B1BA}.Debug|x64.Build.0 = Debug|Any CPU
		{E28DFF16-EC46-4A68-BE3F-D58BCB77B1BA}.Debug|x86.ActiveCfg = Debug|Any CPU
		{E28DFF16-EC46-4A68-BE3F-D58BCB77B1BA}.Debug|x86.Build.0 = Debug|Any CPU
		{E28DFF16-EC46-4A68-BE3F-D58BCB77B1BA}.Release|Any CPU.ActiveCfg = Release|Any CPU
		{E28DFF16-EC46-4A68-BE3F-D58BCB77B1BA}.Release|Any CPU.Build.0 = Release|Any CPU
		{E28DFF16-EC46-4A68-BE3F-D58BCB77B1BA}.Release|x64.ActiveCfg = Release|Any CPU
		{E28DFF16-EC46-4A68-BE3F-D58BCB77B1BA}.Release|x64.Build.0 = Release|Any CPU
		{E28DFF16-EC46-4A68-BE3F-D58BCB77B1BA}.Release|x86.ActiveCfg = Release|Any CPU
		{E28DFF16-EC46-4A68-BE3F-D58BCB77B1BA}.Release|x86.Build.0 = Release|Any CPU
		{E3F4233D-EFF4-4968-8DB9-84FA6CF66E0B}.Debug|Any CPU.ActiveCfg = Debug|Any CPU
		{E3F4233D-EFF4-4968-8DB9-84FA6CF66E0B}.Debug|Any CPU.Build.0 = Debug|Any CPU
		{E3F4233D-EFF4-4968-8DB9-84FA6CF66E0B}.Debug|x64.ActiveCfg = Debug|Any CPU
		{E3F4233D-EFF4-4968-8DB9-84FA6CF66E0B}.Debug|x64.Build.0 = Debug|Any CPU
		{E3F4233D-EFF4-4968-8DB9-84FA6CF66E0B}.Debug|x86.ActiveCfg = Debug|Any CPU
		{E3F4233D-EFF4-4968-8DB9-84FA6CF66E0B}.Debug|x86.Build.0 = Debug|Any CPU
		{E3F4233D-EFF4-4968-8DB9-84FA6CF66E0B}.Release|Any CPU.ActiveCfg = Release|Any CPU
		{E3F4233D-EFF4-4968-8DB9-84FA6CF66E0B}.Release|Any CPU.Build.0 = Release|Any CPU
		{E3F4233D-EFF4-4968-8DB9-84FA6CF66E0B}.Release|x64.ActiveCfg = Release|Any CPU
		{E3F4233D-EFF4-4968-8DB9-84FA6CF66E0B}.Release|x64.Build.0 = Release|Any CPU
		{E3F4233D-EFF4-4968-8DB9-84FA6CF66E0B}.Release|x86.ActiveCfg = Release|Any CPU
		{E3F4233D-EFF4-4968-8DB9-84FA6CF66E0B}.Release|x86.Build.0 = Release|Any CPU
		{217A3FA7-2C7A-197E-8D7D-A6183BBA9ED9}.Debug|Any CPU.ActiveCfg = Debug|Any CPU
		{217A3FA7-2C7A-197E-8D7D-A6183BBA9ED9}.Debug|Any CPU.Build.0 = Debug|Any CPU
		{217A3FA7-2C7A-197E-8D7D-A6183BBA9ED9}.Debug|x64.ActiveCfg = Debug|Any CPU
		{217A3FA7-2C7A-197E-8D7D-A6183BBA9ED9}.Debug|x64.Build.0 = Debug|Any CPU
		{217A3FA7-2C7A-197E-8D7D-A6183BBA9ED9}.Debug|x86.ActiveCfg = Debug|Any CPU
		{217A3FA7-2C7A-197E-8D7D-A6183BBA9ED9}.Debug|x86.Build.0 = Debug|Any CPU
		{217A3FA7-2C7A-197E-8D7D-A6183BBA9ED9}.Release|Any CPU.ActiveCfg = Release|Any CPU
		{217A3FA7-2C7A-197E-8D7D-A6183BBA9ED9}.Release|Any CPU.Build.0 = Release|Any CPU
		{217A3FA7-2C7A-197E-8D7D-A6183BBA9ED9}.Release|x64.ActiveCfg = Release|Any CPU
		{217A3FA7-2C7A-197E-8D7D-A6183BBA9ED9}.Release|x64.Build.0 = Release|Any CPU
		{217A3FA7-2C7A-197E-8D7D-A6183BBA9ED9}.Release|x86.ActiveCfg = Release|Any CPU
		{217A3FA7-2C7A-197E-8D7D-A6183BBA9ED9}.Release|x86.Build.0 = Release|Any CPU
		{361EB8EA-EC3C-D24F-1E92-D24CEDFF27B3}.Debug|Any CPU.ActiveCfg = Debug|Any CPU
		{361EB8EA-EC3C-D24F-1E92-D24CEDFF27B3}.Debug|Any CPU.Build.0 = Debug|Any CPU
		{361EB8EA-EC3C-D24F-1E92-D24CEDFF27B3}.Debug|x64.ActiveCfg = Debug|Any CPU
		{361EB8EA-EC3C-D24F-1E92-D24CEDFF27B3}.Debug|x64.Build.0 = Debug|Any CPU
		{361EB8EA-EC3C-D24F-1E92-D24CEDFF27B3}.Debug|x86.ActiveCfg = Debug|Any CPU
		{361EB8EA-EC3C-D24F-1E92-D24CEDFF27B3}.Debug|x86.Build.0 = Debug|Any CPU
		{361EB8EA-EC3C-D24F-1E92-D24CEDFF27B3}.Release|Any CPU.ActiveCfg = Release|Any CPU
		{361EB8EA-EC3C-D24F-1E92-D24CEDFF27B3}.Release|Any CPU.Build.0 = Release|Any CPU
		{361EB8EA-EC3C-D24F-1E92-D24CEDFF27B3}.Release|x64.ActiveCfg = Release|Any CPU
		{361EB8EA-EC3C-D24F-1E92-D24CEDFF27B3}.Release|x64.Build.0 = Release|Any CPU
		{361EB8EA-EC3C-D24F-1E92-D24CEDFF27B3}.Release|x86.ActiveCfg = Release|Any CPU
		{361EB8EA-EC3C-D24F-1E92-D24CEDFF27B3}.Release|x86.Build.0 = Release|Any CPU
	EndGlobalSection
	GlobalSection(SolutionProperties) = preSolution
		HideSolutionNode = FALSE
	EndGlobalSection
	GlobalSection(NestedProjects) = preSolution
		{72713272-98C6-4675-A569-E5FB98322B2B} = {827E0CD3-B72D-47B6-A68D-7590B98EB39B}
		{4C6172E0-6A67-4DC3-A5B0-78B1FEE312CA} = {827E0CD3-B72D-47B6-A68D-7590B98EB39B}
		{E28DFF16-EC46-4A68-BE3F-D58BCB77B1BA} = {0AB3BF05-4346-4AA6-1389-037BE0695223}
		{E3F4233D-EFF4-4968-8DB9-84FA6CF66E0B} = {0AB3BF05-4346-4AA6-1389-037BE0695223}
		{217A3FA7-2C7A-197E-8D7D-A6183BBA9ED9} = {827E0CD3-B72D-47B6-A68D-7590B98EB39B}
		{361EB8EA-EC3C-D24F-1E92-D24CEDFF27B3} = {827E0CD3-B72D-47B6-A68D-7590B98EB39B}
	EndGlobalSection
	GlobalSection(ExtensibilityGlobals) = postSolution
		SolutionGuid = {AF239387-CD0B-4E42-A76C-DE9A38615753}
	EndGlobalSection
EndGlobal
